// !$*UTF8*$!
{
	archiveVersion = 1;
	classes = {
	};
	objectVersion = 56;
	objects = {

/* Begin PBXBuildFile section */
		E6001C812A05655100332395 /* Models.swift in Sources */ = {isa = PBXBuildFile; fileRef = E6001C802A05655100332395 /* Models.swift */; };
		E6001C832A05660C00332395 /* MarvelRepository.swift in Sources */ = {isa = PBXBuildFile; fileRef = E6001C822A05660C00332395 /* MarvelRepository.swift */; };
		E6001C852A05665100332395 /* ApiRepo+Items.swift in Sources */ = {isa = PBXBuildFile; fileRef = E6001C842A05665100332395 /* ApiRepo+Items.swift */; };
		E6001C882A05730B00332395 /* PageContainerTest.swift in Sources */ = {isa = PBXBuildFile; fileRef = E6001C872A05730B00332395 /* PageContainerTest.swift */; };
		E616D58B29F1A48200A70AB3 /* AppDelegate.swift in Sources */ = {isa = PBXBuildFile; fileRef = E616D58A29F1A48200A70AB3 /* AppDelegate.swift */; };
		E616D58D29F1A48200A70AB3 /* SceneDelegate.swift in Sources */ = {isa = PBXBuildFile; fileRef = E616D58C29F1A48200A70AB3 /* SceneDelegate.swift */; };
		E616D58F29F1A48200A70AB3 /* HeroesList.swift in Sources */ = {isa = PBXBuildFile; fileRef = E616D58E29F1A48200A70AB3 /* HeroesList.swift */; };
		E616D59229F1A48200A70AB3 /* Main.storyboard in Resources */ = {isa = PBXBuildFile; fileRef = E616D59029F1A48200A70AB3 /* Main.storyboard */; };
		E616D59429F1A48600A70AB3 /* Assets.xcassets in Resources */ = {isa = PBXBuildFile; fileRef = E616D59329F1A48600A70AB3 /* Assets.xcassets */; };
		E616D59729F1A48600A70AB3 /* LaunchScreen.storyboard in Resources */ = {isa = PBXBuildFile; fileRef = E616D59529F1A48600A70AB3 /* LaunchScreen.storyboard */; };
		E6383E8A29FC0E82004F71E2 /* MyImageView.swift in Sources */ = {isa = PBXBuildFile; fileRef = E6383E8929FC0E82004F71E2 /* MyImageView.swift */; };
		E6383E8C29FC2D78004F71E2 /* ApiRepo.swift in Sources */ = {isa = PBXBuildFile; fileRef = E6383E8B29FC2D78004F71E2 /* ApiRepo.swift */; };
		E6383E8F29FC3B7A004F71E2 /* ApiRepo+Heroes.swift in Sources */ = {isa = PBXBuildFile; fileRef = E6383E8E29FC3B7A004F71E2 /* ApiRepo+Heroes.swift */; };
		E6383E9629FC4498004F71E2 /* HeroDetailVC.swift in Sources */ = {isa = PBXBuildFile; fileRef = E6383E9529FC4498004F71E2 /* HeroDetailVC.swift */; };
		E64E2A9229FAEA0500D0CE9D /* HeroesCell.swift in Sources */ = {isa = PBXBuildFile; fileRef = E64E2A9129FAEA0500D0CE9D /* HeroesCell.swift */; };
		E6B542C72A041B8A00E36A4D /* View.swift in Sources */ = {isa = PBXBuildFile; fileRef = E6B542C62A041B8A00E36A4D /* View.swift */; };
		E6B542C92A041FEE00E36A4D /* HeroesCollectionCell.swift in Sources */ = {isa = PBXBuildFile; fileRef = E6B542C82A041FEE00E36A4D /* HeroesCollectionCell.swift */; };
/* End PBXBuildFile section */

/* Begin PBXFileReference section */
		E6001C802A05655100332395 /* Models.swift */ = {isa = PBXFileReference; lastKnownFileType = sourcecode.swift; path = Models.swift; sourceTree = "<group>"; };
		E6001C822A05660C00332395 /* MarvelRepository.swift */ = {isa = PBXFileReference; lastKnownFileType = sourcecode.swift; path = MarvelRepository.swift; sourceTree = "<group>"; };
		E6001C842A05665100332395 /* ApiRepo+Items.swift */ = {isa = PBXFileReference; lastKnownFileType = sourcecode.swift; path = "ApiRepo+Items.swift"; sourceTree = "<group>"; };
		E6001C872A05730B00332395 /* PageContainerTest.swift */ = {isa = PBXFileReference; lastKnownFileType = sourcecode.swift; path = PageContainerTest.swift; sourceTree = "<group>"; };
		E616D58729F1A48200A70AB3 /* AA1_Marvel.app */ = {isa = PBXFileReference; explicitFileType = wrapper.application; includeInIndex = 0; path = AA1_Marvel.app; sourceTree = BUILT_PRODUCTS_DIR; };
		E616D58A29F1A48200A70AB3 /* AppDelegate.swift */ = {isa = PBXFileReference; lastKnownFileType = sourcecode.swift; path = AppDelegate.swift; sourceTree = "<group>"; };
		E616D58C29F1A48200A70AB3 /* SceneDelegate.swift */ = {isa = PBXFileReference; lastKnownFileType = sourcecode.swift; path = SceneDelegate.swift; sourceTree = "<group>"; };
		E616D58E29F1A48200A70AB3 /* HeroesList.swift */ = {isa = PBXFileReference; lastKnownFileType = sourcecode.swift; path = HeroesList.swift; sourceTree = "<group>"; };
		E616D59129F1A48200A70AB3 /* Base */ = {isa = PBXFileReference; lastKnownFileType = file.storyboard; name = Base; path = Base.lproj/Main.storyboard; sourceTree = "<group>"; };
		E616D59329F1A48600A70AB3 /* Assets.xcassets */ = {isa = PBXFileReference; lastKnownFileType = folder.assetcatalog; path = Assets.xcassets; sourceTree = "<group>"; };
		E616D59629F1A48600A70AB3 /* Base */ = {isa = PBXFileReference; lastKnownFileType = file.storyboard; name = Base; path = Base.lproj/LaunchScreen.storyboard; sourceTree = "<group>"; };
		E616D59829F1A48600A70AB3 /* Info.plist */ = {isa = PBXFileReference; lastKnownFileType = text.plist.xml; path = Info.plist; sourceTree = "<group>"; };
		E6383E8929FC0E82004F71E2 /* MyImageView.swift */ = {isa = PBXFileReference; lastKnownFileType = sourcecode.swift; path = MyImageView.swift; sourceTree = "<group>"; };
		E6383E8B29FC2D78004F71E2 /* ApiRepo.swift */ = {isa = PBXFileReference; lastKnownFileType = sourcecode.swift; path = ApiRepo.swift; sourceTree = "<group>"; };
		E6383E8E29FC3B7A004F71E2 /* ApiRepo+Heroes.swift */ = {isa = PBXFileReference; lastKnownFileType = sourcecode.swift; path = "ApiRepo+Heroes.swift"; sourceTree = "<group>"; };
		E6383E9529FC4498004F71E2 /* HeroDetailVC.swift */ = {isa = PBXFileReference; lastKnownFileType = sourcecode.swift; path = HeroDetailVC.swift; sourceTree = "<group>"; };
		E64E2A9129FAEA0500D0CE9D /* HeroesCell.swift */ = {isa = PBXFileReference; lastKnownFileType = sourcecode.swift; path = HeroesCell.swift; sourceTree = "<group>"; };
		E6B542C62A041B8A00E36A4D /* View.swift */ = {isa = PBXFileReference; lastKnownFileType = sourcecode.swift; path = View.swift; sourceTree = "<group>"; };
		E6B542C82A041FEE00E36A4D /* HeroesCollectionCell.swift */ = {isa = PBXFileReference; lastKnownFileType = sourcecode.swift; path = HeroesCollectionCell.swift; sourceTree = "<group>"; };
/* End PBXFileReference section */

/* Begin PBXFrameworksBuildPhase section */
		E616D58429F1A48200A70AB3 /* Frameworks */ = {
			isa = PBXFrameworksBuildPhase;
			buildActionMask = 2147483647;
			files = (
			);
			runOnlyForDeploymentPostprocessing = 0;
		};
/* End PBXFrameworksBuildPhase section */

/* Begin PBXGroup section */
		E6001C7F2A05650400332395 /* Models */ = {
			isa = PBXGroup;
			children = (
				E6001C802A05655100332395 /* Models.swift */,
			);
			path = Models;
			sourceTree = "<group>";
		};
		E6001C862A0572F500332395 /* Experimentos */ = {
			isa = PBXGroup;
			children = (
				E6001C872A05730B00332395 /* PageContainerTest.swift */,
			);
			path = Experimentos;
			sourceTree = "<group>";
		};
		E616D57E29F1A48100A70AB3 = {
			isa = PBXGroup;
			children = (
				E616D58929F1A48200A70AB3 /* AA1_Marvel */,
				E616D58829F1A48200A70AB3 /* Products */,
			);
			sourceTree = "<group>";
		};
		E616D58829F1A48200A70AB3 /* Products */ = {
			isa = PBXGroup;
			children = (
				E616D58729F1A48200A70AB3 /* AA1_Marvel.app */,
			);
			name = Products;
			sourceTree = "<group>";
		};
		E616D58929F1A48200A70AB3 /* AA1_Marvel */ = {
			isa = PBXGroup;
			children = (
				E6001C862A0572F500332395 /* Experimentos */,
				E6001C7F2A05650400332395 /* Models */,
				E6B542C52A041B7400E36A4D /* Extensions */,
				E6383E9329FC4403004F71E2 /* Components */,
				E6383E8D29FC2DA2004F71E2 /* RepositoryManager */,
				E6383E9029FC43C8004F71E2 /* Views */,
				E616D58A29F1A48200A70AB3 /* AppDelegate.swift */,
				E616D58C29F1A48200A70AB3 /* SceneDelegate.swift */,
				E616D59029F1A48200A70AB3 /* Main.storyboard */,
				E616D59329F1A48600A70AB3 /* Assets.xcassets */,
				E616D59529F1A48600A70AB3 /* LaunchScreen.storyboard */,
				E616D59829F1A48600A70AB3 /* Info.plist */,
			);
			path = AA1_Marvel;
			sourceTree = "<group>";
		};
		E6383E8D29FC2DA2004F71E2 /* RepositoryManager */ = {
			isa = PBXGroup;
			children = (
				E6383E8B29FC2D78004F71E2 /* ApiRepo.swift */,
				E6383E8E29FC3B7A004F71E2 /* ApiRepo+Heroes.swift */,
				E6001C822A05660C00332395 /* MarvelRepository.swift */,
				E6001C842A05665100332395 /* ApiRepo+Items.swift */,
			);
			path = RepositoryManager;
			sourceTree = "<group>";
		};
		E6383E9029FC43C8004F71E2 /* Views */ = {
			isa = PBXGroup;
			children = (
				E6383E9229FC43E7004F71E2 /* VCS */,
				E6383E9129FC43D8004F71E2 /* Cells */,
			);
			path = Views;
			sourceTree = "<group>";
		};
		E6383E9129FC43D8004F71E2 /* Cells */ = {
			isa = PBXGroup;
			children = (
				E64E2A9129FAEA0500D0CE9D /* HeroesCell.swift */,
				E6B542C82A041FEE00E36A4D /* HeroesCollectionCell.swift */,
			);
			path = Cells;
			sourceTree = "<group>";
		};
		E6383E9229FC43E7004F71E2 /* VCS */ = {
			isa = PBXGroup;
			children = (
				E616D58E29F1A48200A70AB3 /* HeroesList.swift */,
				E6383E9529FC4498004F71E2 /* HeroDetailVC.swift */,
			);
			path = VCS;
			sourceTree = "<group>";
		};
		E6383E9329FC4403004F71E2 /* Components */ = {
			isa = PBXGroup;
			children = (
				E6383E8929FC0E82004F71E2 /* MyImageView.swift */,
			);
			path = Components;
			sourceTree = "<group>";
		};
		E6B542C52A041B7400E36A4D /* Extensions */ = {
			isa = PBXGroup;
			children = (
				E6B542C62A041B8A00E36A4D /* View.swift */,
			);
			path = Extensions;
			sourceTree = "<group>";
		};
/* End PBXGroup section */

/* Begin PBXNativeTarget section */
		E616D58629F1A48200A70AB3 /* AA1_Marvel */ = {
			isa = PBXNativeTarget;
			buildConfigurationList = E616D59B29F1A48600A70AB3 /* Build configuration list for PBXNativeTarget "AA1_Marvel" */;
			buildPhases = (
				E616D58329F1A48200A70AB3 /* Sources */,
				E616D58429F1A48200A70AB3 /* Frameworks */,
				E616D58529F1A48200A70AB3 /* Resources */,
			);
			buildRules = (
			);
			dependencies = (
			);
			name = AA1_Marvel;
			productName = AA1_Marvel;
			productReference = E616D58729F1A48200A70AB3 /* AA1_Marvel.app */;
			productType = "com.apple.product-type.application";
		};
/* End PBXNativeTarget section */

/* Begin PBXProject section */
		E616D57F29F1A48200A70AB3 /* Project object */ = {
			isa = PBXProject;
			attributes = {
				BuildIndependentTargetsInParallel = 1;
				LastSwiftUpdateCheck = 1400;
				LastUpgradeCheck = 1400;
				TargetAttributes = {
					E616D58629F1A48200A70AB3 = {
						CreatedOnToolsVersion = 14.0.1;
					};
				};
			};
			buildConfigurationList = E616D58229F1A48200A70AB3 /* Build configuration list for PBXProject "AA1_Marvel" */;
			compatibilityVersion = "Xcode 14.0";
			developmentRegion = en;
			hasScannedForEncodings = 0;
			knownRegions = (
				en,
				Base,
			);
			mainGroup = E616D57E29F1A48100A70AB3;
			productRefGroup = E616D58829F1A48200A70AB3 /* Products */;
			projectDirPath = "";
			projectRoot = "";
			targets = (
				E616D58629F1A48200A70AB3 /* AA1_Marvel */,
			);
		};
/* End PBXProject section */

/* Begin PBXResourcesBuildPhase section */
		E616D58529F1A48200A70AB3 /* Resources */ = {
			isa = PBXResourcesBuildPhase;
			buildActionMask = 2147483647;
			files = (
				E616D59729F1A48600A70AB3 /* LaunchScreen.storyboard in Resources */,
				E616D59429F1A48600A70AB3 /* Assets.xcassets in Resources */,
				E616D59229F1A48200A70AB3 /* Main.storyboard in Resources */,
			);
			runOnlyForDeploymentPostprocessing = 0;
		};
/* End PBXResourcesBuildPhase section */

/* Begin PBXSourcesBuildPhase section */
		E616D58329F1A48200A70AB3 /* Sources */ = {
			isa = PBXSourcesBuildPhase;
			buildActionMask = 2147483647;
			files = (
				E6001C812A05655100332395 /* Models.swift in Sources */,
				E6383E8A29FC0E82004F71E2 /* MyImageView.swift in Sources */,
				E6001C882A05730B00332395 /* PageContainerTest.swift in Sources */,
				E616D58F29F1A48200A70AB3 /* HeroesList.swift in Sources */,
				E6383E8F29FC3B7A004F71E2 /* ApiRepo+Heroes.swift in Sources */,
				E6B542C92A041FEE00E36A4D /* HeroesCollectionCell.swift in Sources */,
				E6383E8C29FC2D78004F71E2 /* ApiRepo.swift in Sources */,
				E64E2A9229FAEA0500D0CE9D /* HeroesCell.swift in Sources */,
				E6B542C72A041B8A00E36A4D /* View.swift in Sources */,
				E6001C832A05660C00332395 /* MarvelRepository.swift in Sources */,
				E616D58B29F1A48200A70AB3 /* AppDelegate.swift in Sources */,
				E616D58D29F1A48200A70AB3 /* SceneDelegate.swift in Sources */,
				E6383E9629FC4498004F71E2 /* HeroDetailVC.swift in Sources */,
				E6001C852A05665100332395 /* ApiRepo+Items.swift in Sources */,
			);
			runOnlyForDeploymentPostprocessing = 0;
		};
/* End PBXSourcesBuildPhase section */

/* Begin PBXVariantGroup section */
		E616D59029F1A48200A70AB3 /* Main.storyboard */ = {
			isa = PBXVariantGroup;
			children = (
				E616D59129F1A48200A70AB3 /* Base */,
			);
			name = Main.storyboard;
			sourceTree = "<group>";
		};
		E616D59529F1A48600A70AB3 /* LaunchScreen.storyboard */ = {
			isa = PBXVariantGroup;
			children = (
				E616D59629F1A48600A70AB3 /* Base */,
			);
			name = LaunchScreen.storyboard;
			sourceTree = "<group>";
		};
/* End PBXVariantGroup section */

/* Begin XCBuildConfiguration section */
		E616D59929F1A48600A70AB3 /* Debug */ = {
			isa = XCBuildConfiguration;
			buildSettings = {
				ALWAYS_SEARCH_USER_PATHS = NO;
				CLANG_ANALYZER_NONNULL = YES;
				CLANG_ANALYZER_NUMBER_OBJECT_CONVERSION = YES_AGGRESSIVE;
				CLANG_CXX_LANGUAGE_STANDARD = "gnu++20";
				CLANG_ENABLE_MODULES = YES;
				CLANG_ENABLE_OBJC_ARC = YES;
				CLANG_ENABLE_OBJC_WEAK = YES;
				CLANG_WARN_BLOCK_CAPTURE_AUTORELEASING = YES;
				CLANG_WARN_BOOL_CONVERSION = YES;
				CLANG_WARN_COMMA = YES;
				CLANG_WARN_CONSTANT_CONVERSION = YES;
				CLANG_WARN_DEPRECATED_OBJC_IMPLEMENTATIONS = YES;
				CLANG_WARN_DIRECT_OBJC_ISA_USAGE = YES_ERROR;
				CLANG_WARN_DOCUMENTATION_COMMENTS = YES;
				CLANG_WARN_EMPTY_BODY = YES;
				CLANG_WARN_ENUM_CONVERSION = YES;
				CLANG_WARN_INFINITE_RECURSION = YES;
				CLANG_WARN_INT_CONVERSION = YES;
				CLANG_WARN_NON_LITERAL_NULL_CONVERSION = YES;
				CLANG_WARN_OBJC_IMPLICIT_RETAIN_SELF = YES;
				CLANG_WARN_OBJC_LITERAL_CONVERSION = YES;
				CLANG_WARN_OBJC_ROOT_CLASS = YES_ERROR;
				CLANG_WARN_QUOTED_INCLUDE_IN_FRAMEWORK_HEADER = YES;
				CLANG_WARN_RANGE_LOOP_ANALYSIS = YES;
				CLANG_WARN_STRICT_PROTOTYPES = YES;
				CLANG_WARN_SUSPICIOUS_MOVE = YES;
				CLANG_WARN_UNGUARDED_AVAILABILITY = YES_AGGRESSIVE;
				CLANG_WARN_UNREACHABLE_CODE = YES;
				CLANG_WARN__DUPLICATE_METHOD_MATCH = YES;
				COPY_PHASE_STRIP = NO;
				DEBUG_INFORMATION_FORMAT = dwarf;
				ENABLE_STRICT_OBJC_MSGSEND = YES;
				ENABLE_TESTABILITY = YES;
				GCC_C_LANGUAGE_STANDARD = gnu11;
				GCC_DYNAMIC_NO_PIC = NO;
				GCC_NO_COMMON_BLOCKS = YES;
				GCC_OPTIMIZATION_LEVEL = 0;
				GCC_PREPROCESSOR_DEFINITIONS = (
					"DEBUG=1",
					"$(inherited)",
				);
				GCC_WARN_64_TO_32_BIT_CONVERSION = YES;
				GCC_WARN_ABOUT_RETURN_TYPE = YES_ERROR;
				GCC_WARN_UNDECLARED_SELECTOR = YES;
				GCC_WARN_UNINITIALIZED_AUTOS = YES_AGGRESSIVE;
				GCC_WARN_UNUSED_FUNCTION = YES;
				GCC_WARN_UNUSED_VARIABLE = YES;
				IPHONEOS_DEPLOYMENT_TARGET = 16.0;
				MTL_ENABLE_DEBUG_INFO = INCLUDE_SOURCE;
				MTL_FAST_MATH = YES;
				ONLY_ACTIVE_ARCH = YES;
				SDKROOT = iphoneos;
				SWIFT_ACTIVE_COMPILATION_CONDITIONS = DEBUG;
				SWIFT_OPTIMIZATION_LEVEL = "-Onone";
			};
			name = Debug;
		};
		E616D59A29F1A48600A70AB3 /* Release */ = {
			isa = XCBuildConfiguration;
			buildSettings = {
				ALWAYS_SEARCH_USER_PATHS = NO;
				CLANG_ANALYZER_NONNULL = YES;
				CLANG_ANALYZER_NUMBER_OBJECT_CONVERSION = YES_AGGRESSIVE;
				CLANG_CXX_LANGUAGE_STANDARD = "gnu++20";
				CLANG_ENABLE_MODULES = YES;
				CLANG_ENABLE_OBJC_ARC = YES;
				CLANG_ENABLE_OBJC_WEAK = YES;
				CLANG_WARN_BLOCK_CAPTURE_AUTORELEASING = YES;
				CLANG_WARN_BOOL_CONVERSION = YES;
				CLANG_WARN_COMMA = YES;
				CLANG_WARN_CONSTANT_CONVERSION = YES;
				CLANG_WARN_DEPRECATED_OBJC_IMPLEMENTATIONS = YES;
				CLANG_WARN_DIRECT_OBJC_ISA_USAGE = YES_ERROR;
				CLANG_WARN_DOCUMENTATION_COMMENTS = YES;
				CLANG_WARN_EMPTY_BODY = YES;
				CLANG_WARN_ENUM_CONVERSION = YES;
				CLANG_WARN_INFINITE_RECURSION = YES;
				CLANG_WARN_INT_CONVERSION = YES;
				CLANG_WARN_NON_LITERAL_NULL_CONVERSION = YES;
				CLANG_WARN_OBJC_IMPLICIT_RETAIN_SELF = YES;
				CLANG_WARN_OBJC_LITERAL_CONVERSION = YES;
				CLANG_WARN_OBJC_ROOT_CLASS = YES_ERROR;
				CLANG_WARN_QUOTED_INCLUDE_IN_FRAMEWORK_HEADER = YES;
				CLANG_WARN_RANGE_LOOP_ANALYSIS = YES;
				CLANG_WARN_STRICT_PROTOTYPES = YES;
				CLANG_WARN_SUSPICIOUS_MOVE = YES;
				CLANG_WARN_UNGUARDED_AVAILABILITY = YES_AGGRESSIVE;
				CLANG_WARN_UNREACHABLE_CODE = YES;
				CLANG_WARN__DUPLICATE_METHOD_MATCH = YES;
				COPY_PHASE_STRIP = NO;
				DEBUG_INFORMATION_FORMAT = "dwarf-with-dsym";
				ENABLE_NS_ASSERTIONS = NO;
				ENABLE_STRICT_OBJC_MSGSEND = YES;
				GCC_C_LANGUAGE_STANDARD = gnu11;
				GCC_NO_COMMON_BLOCKS = YES;
				GCC_WARN_64_TO_32_BIT_CONVERSION = YES;
				GCC_WARN_ABOUT_RETURN_TYPE = YES_ERROR;
				GCC_WARN_UNDECLARED_SELECTOR = YES;
				GCC_WARN_UNINITIALIZED_AUTOS = YES_AGGRESSIVE;
				GCC_WARN_UNUSED_FUNCTION = YES;
				GCC_WARN_UNUSED_VARIABLE = YES;
				IPHONEOS_DEPLOYMENT_TARGET = 16.0;
				MTL_ENABLE_DEBUG_INFO = NO;
				MTL_FAST_MATH = YES;
				SDKROOT = iphoneos;
				SWIFT_COMPILATION_MODE = wholemodule;
				SWIFT_OPTIMIZATION_LEVEL = "-O";
				VALIDATE_PRODUCT = YES;
			};
			name = Release;
		};
		E616D59C29F1A48600A70AB3 /* Debug */ = {
			isa = XCBuildConfiguration;
			buildSettings = {
				ASSETCATALOG_COMPILER_APPICON_NAME = AppIcon;
				ASSETCATALOG_COMPILER_GLOBAL_ACCENT_COLOR_NAME = AccentColor;
				CODE_SIGN_STYLE = Automatic;
				CURRENT_PROJECT_VERSION = 1;
				GENERATE_INFOPLIST_FILE = YES;
				INFOPLIST_FILE = AA1_Marvel/Info.plist;
				INFOPLIST_KEY_UIApplicationSupportsIndirectInputEvents = YES;
				INFOPLIST_KEY_UILaunchStoryboardName = LaunchScreen;
				INFOPLIST_KEY_UIMainStoryboardFile = Main;
				INFOPLIST_KEY_UISupportedInterfaceOrientations_iPad = "UIInterfaceOrientationPortrait UIInterfaceOrientationPortraitUpsideDown UIInterfaceOrientationLandscapeLeft UIInterfaceOrientationLandscapeRight";
				INFOPLIST_KEY_UISupportedInterfaceOrientations_iPhone = "UIInterfaceOrientationPortrait UIInterfaceOrientationLandscapeLeft UIInterfaceOrientationLandscapeRight";
				LD_RUNPATH_SEARCH_PATHS = (
					"$(inherited)",
					"@executable_path/Frameworks",
				);
				MARKETING_VERSION = 1.0;
				PRODUCT_BUNDLE_IDENTIFIER = "es.enti.albert.AA1-Marvel";
				PRODUCT_NAME = "$(TARGET_NAME)";
				SWIFT_EMIT_LOC_STRINGS = YES;
				SWIFT_VERSION = 5.0;
				TARGETED_DEVICE_FAMILY = "1,2";
			};
			name = Debug;
		};
		E616D59D29F1A48600A70AB3 /* Release */ = {
			isa = XCBuildConfiguration;
			buildSettings = {
				ASSETCATALOG_COMPILER_APPICON_NAME = AppIcon;
				ASSETCATALOG_COMPILER_GLOBAL_ACCENT_COLOR_NAME = AccentColor;
				CODE_SIGN_STYLE = Automatic;
				CURRENT_PROJECT_VERSION = 1;
				GENERATE_INFOPLIST_FILE = YES;
				INFOPLIST_FILE = AA1_Marvel/Info.plist;
				INFOPLIST_KEY_UIApplicationSupportsIndirectInputEvents = YES;
				INFOPLIST_KEY_UILaunchStoryboardName = LaunchScreen;
				INFOPLIST_KEY_UIMainStoryboardFile = Main;
				INFOPLIST_KEY_UISupportedInterfaceOrientations_iPad = "UIInterfaceOrientationPortrait UIInterfaceOrientationPortraitUpsideDown UIInterfaceOrientationLandscapeLeft UIInterfaceOrientationLandscapeRight";
				INFOPLIST_KEY_UISupportedInterfaceOrientations_iPhone = "UIInterfaceOrientationPortrait UIInterfaceOrientationLandscapeLeft UIInterfaceOrientationLandscapeRight";
				LD_RUNPATH_SEARCH_PATHS = (
					"$(inherited)",
					"@executable_path/Frameworks",
				);
				MARKETING_VERSION = 1.0;
				PRODUCT_BUNDLE_IDENTIFIER = "es.enti.albert.AA1-Marvel";
				PRODUCT_NAME = "$(TARGET_NAME)";
				SWIFT_EMIT_LOC_STRINGS = YES;
				SWIFT_VERSION = 5.0;
				TARGETED_DEVICE_FAMILY = "1,2";
			};
			name = Release;
		};
/* End XCBuildConfiguration section */

/* Begin XCConfigurationList section */
		E616D58229F1A48200A70AB3 /* Build configuration list for PBXProject "AA1_Marvel" */ = {
			isa = XCConfigurationList;
			buildConfigurations = (
				E616D59929F1A48600A70AB3 /* Debug */,
				E616D59A29F1A48600A70AB3 /* Release */,
			);
			defaultConfigurationIsVisible = 0;
			defaultConfigurationName = Release;
		};
		E616D59B29F1A48600A70AB3 /* Build configuration list for PBXNativeTarget "AA1_Marvel" */ = {
			isa = XCConfigurationList;
			buildConfigurations = (
				E616D59C29F1A48600A70AB3 /* Debug */,
				E616D59D29F1A48600A70AB3 /* Release */,
			);
			defaultConfigurationIsVisible = 0;
			defaultConfigurationName = Release;
		};
/* End XCConfigurationList section */
	};
	rootObject = E616D57F29F1A48200A70AB3 /* Project object */;
}
